// !$*UTF8*$!
{
	archiveVersion = 1;
	classes = {
	};
	objectVersion = 46;
	objects = {

/* Begin PBXBuildFile section */
		FB19998F1ED58420007A617D /* main.m in Sources */ = {isa = PBXBuildFile; fileRef = FB19998E1ED58420007A617D /* main.m */; };
		FB1999921ED58420007A617D /* AppDelegate.m in Sources */ = {isa = PBXBuildFile; fileRef = FB1999911ED58420007A617D /* AppDelegate.m */; };
		FB1999951ED58420007A617D /* ViewController.m in Sources */ = {isa = PBXBuildFile; fileRef = FB1999941ED58420007A617D /* ViewController.m */; };
		FB1999981ED58420007A617D /* Main.storyboard in Resources */ = {isa = PBXBuildFile; fileRef = FB1999961ED58420007A617D /* Main.storyboard */; };
		FB19999A1ED58420007A617D /* Assets.xcassets in Resources */ = {isa = PBXBuildFile; fileRef = FB1999991ED58420007A617D /* Assets.xcassets */; };
		FB19999D1ED58420007A617D /* LaunchScreen.storyboard in Resources */ = {isa = PBXBuildFile; fileRef = FB19999B1ED58420007A617D /* LaunchScreen.storyboard */; };
/* End PBXBuildFile section */

/* Begin PBXFileReference section */
		FB19998A1ED58420007A617D /* Controls.app */ = {isa = PBXFileReference; explicitFileType = wrapper.application; includeInIndex = 0; path = Controls.app; sourceTree = BUILT_PRODUCTS_DIR; };
		FB19998E1ED58420007A617D /* main.m */ = {isa = PBXFileReference; lastKnownFileType = sourcecode.c.objc; path = main.m; sourceTree = "<group>"; };
		FB1999901ED58420007A617D /* AppDelegate.h */ = {isa = PBXFileReference; lastKnownFileType = sourcecode.c.h; path = AppDelegate.h; sourceTree = "<group>"; };
		FB1999911ED58420007A617D /* AppDelegate.m */ = {isa = PBXFileReference; lastKnownFileType = sourcecode.c.objc; path = AppDelegate.m; sourceTree = "<group>"; };
		FB1999931ED58420007A617D /* ViewController.h */ = {isa = PBXFileReference; lastKnownFileType = sourcecode.c.h; path = ViewController.h; sourceTree = "<group>"; };
		FB1999941ED58420007A617D /* ViewController.m */ = {isa = PBXFileReference; lastKnownFileType = sourcecode.c.objc; path = ViewController.m; sourceTree = "<group>"; };
		FB1999971ED58420007A617D /* Base */ = {isa = PBXFileReference; lastKnownFileType = file.storyboard; name = Base; path = Base.lproj/Main.storyboard; sourceTree = "<group>"; };
		FB1999991ED58420007A617D /* Assets.xcassets */ = {isa = PBXFileReference; lastKnownFileType = folder.assetcatalog; path = Assets.xcassets; sourceTree = "<group>"; };
		FB19999C1ED58420007A617D /* Base */ = {isa = PBXFileReference; lastKnownFileType = file.storyboard; name = Base; path = Base.lproj/LaunchScreen.storyboard; sourceTree = "<group>"; };
		FB19999E1ED58420007A617D /* Info.plist */ = {isa = PBXFileReference; lastKnownFileType = text.plist.xml; path = Info.plist; sourceTree = "<group>"; };
/* End PBXFileReference section */

/* Begin PBXFrameworksBuildPhase section */
		FB1999871ED58420007A617D /* Frameworks */ = {
			isa = PBXFrameworksBuildPhase;
			buildActionMask = 2147483647;
			files = (
			);
			runOnlyForDeploymentPostprocessing = 0;
		};
/* End PBXFrameworksBuildPhase section */

/* Begin PBXGroup section */
		FB1999811ED5841F007A617D = {
			isa = PBXGroup;
			children = (
				FB19998C1ED58420007A617D /* Controls */,
				FB19998B1ED58420007A617D /* Products */,
			);
			sourceTree = "<group>";
		};
		FB19998B1ED58420007A617D /* Products */ = {
			isa = PBXGroup;
			children = (
				FB19998A1ED58420007A617D /* Controls.app */,
			);
			name = Products;
			sourceTree = "<group>";
		};
		FB19998C1ED58420007A617D /* Controls */ = {
			isa = PBXGroup;
			children = (
				FB1999901ED58420007A617D /* AppDelegate.h */,
				FB1999911ED58420007A617D /* AppDelegate.m */,
				FB1999931ED58420007A617D /* ViewController.h */,
				FB1999941ED58420007A617D /* ViewController.m */,
				FB1999961ED58420007A617D /* Main.storyboard */,
				FB1999991ED58420007A617D /* Assets.xcassets */,
				FB19999B1ED58420007A617D /* LaunchScreen.storyboard */,
				FB19999E1ED58420007A617D /* Info.plist */,
				FB19998D1ED58420007A617D /* Supporting Files */,
			);
			path = Controls;
			sourceTree = "<group>";
		};
		FB19998D1ED58420007A617D /* Supporting Files */ = {
			isa = PBXGroup;
			children = (
				FB19998E1ED58420007A617D /* main.m */,
			);
			name = "Supporting Files";
			sourceTree = "<group>";
		};
/* End PBXGroup section */

/* Begin PBXNativeTarget section */
		FB1999891ED58420007A617D /* Controls */ = {
			isa = PBXNativeTarget;
			buildConfigurationList = FB1999A11ED58420007A617D /* Build configuration list for PBXNativeTarget "Controls" */;
			buildPhases = (
				FB1999861ED58420007A617D /* Sources */,
				FB1999871ED58420007A617D /* Frameworks */,
				FB1999881ED58420007A617D /* Resources */,
			);
			buildRules = (
			);
			dependencies = (
			);
			name = Controls;
			productName = Controls;
			productReference = FB19998A1ED58420007A617D /* Controls.app */;
			productType = "com.apple.product-type.application";
		};
/* End PBXNativeTarget section */

/* Begin PBXProject section */
		FB1999821ED5841F007A617D /* Project object */ = {
			isa = PBXProject;
			attributes = {
				LastUpgradeCheck = 0820;
				ORGANIZATIONNAME = "Vasilii Burenkov";
				TargetAttributes = {
					FB1999891ED58420007A617D = {
						CreatedOnToolsVersion = 8.2;
						ProvisioningStyle = Automatic;
					};
				};
			};
			buildConfigurationList = FB1999851ED5841F007A617D /* Build configuration list for PBXProject "Controls" */;
			compatibilityVersion = "Xcode 3.2";
			developmentRegion = English;
			hasScannedForEncodings = 0;
			knownRegions = (
				en,
				Base,
			);
			mainGroup = FB1999811ED5841F007A617D;
			productRefGroup = FB19998B1ED58420007A617D /* Products */;
			projectDirPath = "";
			projectRoot = "";
			targets = (
				FB1999891ED58420007A617D /* Controls */,
			);
		};
/* End PBXProject section */

/* Begin PBXResourcesBuildPhase section */
		FB1999881ED58420007A617D /* Resources */ = {
			isa = PBXResourcesBuildPhase;
			buildActionMask = 2147483647;
			files = (
				FB19999D1ED58420007A617D /* LaunchScreen.storyboard in Resources */,
				FB19999A1ED58420007A617D /* Assets.xcassets in Resources */,
				FB1999981ED58420007A617D /* Main.storyboard in Resources */,
			);
			runOnlyForDeploymentPostprocessing = 0;
		};
/* End PBXResourcesBuildPhase section */

/* Begin PBXSourcesBuildPhase section */
		FB1999861ED58420007A617D /* Sources */ = {
			isa = PBXSourcesBuildPhase;
			buildActionMask = 2147483647;
			files = (
				FB1999951ED58420007A617D /* ViewController.m in Sources */,
				FB1999921ED58420007A617D /* AppDelegate.m in Sources */,
				FB19998F1ED58420007A617D /* main.m in Sources */,
			);
			runOnlyForDeploymentPostprocessing = 0;
		};
/* End PBXSourcesBuildPhase section */

/* Begin PBXVariantGroup section */
		FB1999961ED58420007A617D /* Main.storyboard */ = {
			isa = PBXVariantGroup;
			children = (
				FB1999971ED58420007A617D /* Base */,
			);
			name = Main.storyboard;
			sourceTree = "<group>";
		};
		FB19999B1ED58420007A617D /* LaunchScreen.storyboard */ = {
			isa = PBXVariantGroup;
			children = (
				FB19999C1ED58420007A617D /* Base */,
			);
			name = LaunchScreen.storyboard;
			sourceTree = "<group>";
		};
/* End PBXVariantGroup section */

/* Begin XCBuildConfiguration section */
		FB19999F1ED58420007A617D /* Debug */ = {
			isa = XCBuildConfiguration;
			buildSettings = {
				ALWAYS_SEARCH_USER_PATHS = NO;
				CLANG_ANALYZER_NONNULL = YES;
				CLANG_CXX_LANGUAGE_STANDARD = "gnu++0x";
				CLANG_CXX_LIBRARY = "libc++";
				CLANG_ENABLE_MODULES = YES;
				CLANG_ENABLE_OBJC_ARC = YES;
				CLANG_WARN_BOOL_CONVERSION = YES;
				CLANG_WARN_CONSTANT_CONVERSION = YES;
				CLANG_WARN_DIRECT_OBJC_ISA_USAGE = YES_ERROR;
				CLANG_WARN_DOCUMENTATION_COMMENTS = YES;
				CLANG_WARN_EMPTY_BODY = YES;
				CLANG_WARN_ENUM_CONVERSION = YES;
				CLANG_WARN_INFINITE_RECURSION = YES;
				CLANG_WARN_INT_CONVERSION = YES;
				CLANG_WARN_OBJC_ROOT_CLASS = YES_ERROR;
				CLANG_WARN_SUSPICIOUS_MOVE = YES;
				CLANG_WARN_UNREACHABLE_CODE = YES;
				CLANG_WARN__DUPLICATE_METHOD_MATCH = YES;
				"CODE_SIGN_IDENTITY[sdk=iphoneos*]" = "iPhone Developer";
				COPY_PHASE_STRIP = NO;
				DEBUG_INFORMATION_FORMAT = dwarf;
				ENABLE_STRICT_OBJC_MSGSEND = YES;
				ENABLE_TESTABILITY = YES;
				GCC_C_LANGUAGE_STANDARD = gnu99;
				GCC_DYNAMIC_NO_PIC = NO;
				GCC_NO_COMMON_BLOCKS = YES;
				GCC_OPTIMIZATION_LEVEL = 0;
				GCC_PREPROCESSOR_DEFINITIONS = (
					"DEBUG=1",
					"$(inherited)",
				);
				GCC_WARN_64_TO_32_BIT_CONVERSION = YES;
				GCC_WARN_ABOUT_RETURN_TYPE = YES_ERROR;
				GCC_WARN_UNDECLARED_SELECTOR = YES;
				GCC_WARN_UNINITIALIZED_AUTOS = YES_AGGRESSIVE;
				GCC_WARN_UNUSED_FUNCTION = YES;
				GCC_WARN_UNUSED_VARIABLE = YES;
				IPHONEOS_DEPLOYMENT_TARGET = 10.2;
				MTL_ENABLE_DEBUG_INFO = YES;
				ONLY_ACTIVE_ARCH = YES;
				SDKROOT = iphoneos;
				TARGETED_DEVICE_FAMILY = "1,2";
			};
			name = Debug;
		};
		FB1999A01ED58420007A617D /* Release */ = {
			isa = XCBuildConfiguration;
			buildSettings = {
				ALWAYS_SEARCH_USER_PATHS = NO;
				CLANG_ANALYZER_NONNULL = YES;
				CLANG_CXX_LANGUAGE_STANDARD = "gnu++0x";
				CLANG_CXX_LIBRARY = "libc++";
				CLANG_ENABLE_MODULES = YES;
				CLANG_ENABLE_OBJC_ARC = YES;
				CLANG_WARN_BOOL_CONVERSION = YES;
				CLANG_WARN_CONSTANT_CONVERSION = YES;
				CLANG_WARN_DIRECT_OBJC_ISA_USAGE = YES_ERROR;
				CLANG_WARN_DOCUMENTATION_COMMENTS = YES;
				CLANG_WARN_EMPTY_BODY = YES;
				CLANG_WARN_ENUM_CONVERSION = YES;
				CLANG_WARN_INFINITE_RECURSION = YES;
				CLANG_WARN_INT_CONVERSION = YES;
				CLANG_WARN_OBJC_ROOT_CLASS = YES_ERROR;
				CLANG_WARN_SUSPICIOUS_MOVE = YES;
				CLANG_WARN_UNREACHABLE_CODE = YES;
				CLANG_WARN__DUPLICATE_METHOD_MATCH = YES;
				"CODE_SIGN_IDENTITY[sdk=iphoneos*]" = "iPhone Developer";
				COPY_PHASE_STRIP = NO;
				DEBUG_INFORMATION_FORMAT = "dwarf-with-dsym";
				ENABLE_NS_ASSERTIONS = NO;
				ENABLE_STRICT_OBJC_MSGSEND = YES;
				GCC_C_LANGUAGE_STANDARD = gnu99;
				GCC_NO_COMMON_BLOCKS = YES;
				GCC_WARN_64_TO_32_BIT_CONVERSION = YES;
				GCC_WARN_ABOUT_RETURN_TYPE = YES_ERROR;
				GCC_WARN_UNDECLARED_SELECTOR = YES;
				GCC_WARN_UNINITIALIZED_AUTOS = YES_AGGRESSIVE;
				GCC_WARN_UNUSED_FUNCTION = YES;
				GCC_WARN_UNUSED_VARIABLE = YES;
				IPHONEOS_DEPLOYMENT_TARGET = 10.2;
				MTL_ENABLE_DEBUG_INFO = NO;
				SDKROOT = iphoneos;
				TARGETED_DEVICE_FAMILY = "1,2";
				VALIDATE_PRODUCT = YES;
			};
			name = Release;
		};
		FB1999A21ED58420007A617D /* Debug */ = {
			isa = XCBuildConfiguration;
			buildSettings = {
				ASSETCATALOG_COMPILER_APPICON_NAME = AppIcon;
				INFOPLIST_FILE = Controls/Info.plist;
				LD_RUNPATH_SEARCH_PATHS = "$(inherited) @executable_path/Frameworks";
				PRODUCT_BUNDLE_IDENTIFIER = com.burenkov.Controls;
				PRODUCT_NAME = "$(TARGET_NAME)";
			};
			name = Debug;
		};
		FB1999A31ED58420007A617D /* Release */ = {
			isa = XCBuildConfiguration;
			buildSettings = {
				ASSETCATALOG_COMPILER_APPICON_NAME = AppIcon;
				INFOPLIST_FILE = Controls/Info.plist;
				LD_RUNPATH_SEARCH_PATHS = "$(inherited) @executable_path/Frameworks";
				PRODUCT_BUNDLE_IDENTIFIER = com.burenkov.Controls;
				PRODUCT_NAME = "$(TARGET_NAME)";
			};
			name = Release;
		};
/* End XCBuildConfiguration section */

/* Begin XCConfigurationList section */
		FB1999851ED5841F007A617D /* Build configuration list for PBXProject "Controls" */ = {
			isa = XCConfigurationList;
			buildConfigurations = (
				FB19999F1ED58420007A617D /* Debug */,
				FB1999A01ED58420007A617D /* Release */,
			);
			defaultConfigurationIsVisible = 0;
			defaultConfigurationName = Release;
		};
		FB1999A11ED58420007A617D /* Build configuration list for PBXNativeTarget "Controls" */ = {
			isa = XCConfigurationList;
			buildConfigurations = (
				FB1999A21ED58420007A617D /* Debug */,
				FB1999A31ED58420007A617D /* Release */,
			);
			defaultConfigurationIsVisible = 0;
		};
/* End XCConfigurationList section */
	};
	rootObject = FB1999821ED5841F007A617D /* Project object */;
}
